
Microsoft Visual Studio Solution File, Format Version 12.00
# Visual Studio Version 16
VisualStudioVersion = 16.0.31320.298
MinimumVisualStudioVersion = 10.0.40219.1
Project("{FAE04EC0-301F-11D3-BF4B-00C04F79EFBC}") = "Webapi.Stream.Server", "Webapi.Stream\Server\Webapi.Stream.Server.csproj", "{FA75A920-F8D5-4278-9D10-6052A16420CE}"
EndProject
Project("{FAE04EC0-301F-11D3-BF4B-00C04F79EFBC}") = "Webapi.Stream.Client", "Webapi.Stream\Client\Webapi.Stream.Client.csproj", "{73C1B00F-6970-4DB5-AD7F-A4E91FAD8E44}"
EndProject
Project("{FAE04EC0-301F-11D3-BF4B-00C04F79EFBC}") = "Webapi.Stream.Shared", "Webapi.Stream\Shared\Webapi.Stream.Shared.csproj", "{248D0D41-8D6F-44B0-99C4-3E687F659640}"
EndProject
Global
	GlobalSection(SolutionConfigurationPlatforms) = preSolution
		Debug|Any CPU = Debug|Any CPU
		Release|Any CPU = Release|Any CPU
	EndGlobalSection
	GlobalSection(ProjectConfigurationPlatforms) = postSolution
		{FA75A920-F8D5-4278-9D10-6052A16420CE}.Debug|Any CPU.ActiveCfg = Debug|Any CPU
		{FA75A920-F8D5-4278-9D10-6052A16420CE}.Debug|Any CPU.Build.0 = Debug|Any CPU
		{FA75A920-F8D5-4278-9D10-6052A16420CE}.Release|Any CPU.ActiveCfg = Release|Any CPU
		{FA75A920-F8D5-4278-9D10-6052A16420CE}.Release|Any CPU.Build.0 = Release|Any CPU
		{73C1B00F-6970-4DB5-AD7F-A4E91FAD8E44}.Debug|Any CPU.ActiveCfg = Debug|Any CPU
		{73C1B00F-6970-4DB5-AD7F-A4E91FAD8E44}.Debug|Any CPU.Build.0 = Debug|Any CPU
		{73C1B00F-6970-4DB5-AD7F-A4E91FAD8E44}.Release|Any CPU.ActiveCfg = Release|Any CPU
		{73C1B00F-6970-4DB5-AD7F-A4E91FAD8E44}.Release|Any CPU.Build.0 = Release|Any CPU
		{248D0D41-8D6F-44B0-99C4-3E687F659640}.Debug|Any CPU.ActiveCfg = Debug|Any CPU
		{248D0D41-8D6F-44B0-99C4-3E687F659640}.Debug|Any CPU.Build.0 = Debug|Any CPU
		{248D0D41-8D6F-44B0-99C4-3E687F659640}.Release|Any CPU.ActiveCfg = Release|Any CPU
		{248D0D41-8D6F-44B0-99C4-3E687F659640}.Release|Any CPU.Build.0 = Release|Any CPU
	EndGlobalSection
	GlobalSection(SolutionProperties) = preSolution
		HideSolutionNode = FALSE
	EndGlobalSection
	GlobalSection(ExtensibilityGlobals) = postSolution
		SolutionGuid = {0B494A69-9E2C-4AAD-AFD8-C3C5A6389C97}
	EndGlobalSection
EndGlobal
